
Microsoft Visual Studio Solution File, Format Version 12.00
# Visual Studio 2017
Project("{FAE04EC0-301F-11D3-BF4B-00C04F79EFBC}") = "Project2Start", "Project2Start.csproj", "{42AE6537-C460-CD3F-F0C5-C82EE530CBCE}"
EndProject
Project("{FAE04EC0-301F-11D3-BF4B-00C04F79EFBC}") = "Project2Start.Editor", "Project2Start.Editor.csproj", "{50BD5D17-022B-4949-1108-B7931F469193}"
EndProject
Global
	GlobalSection(SolutionConfigurationPlatforms) = preSolution
		Debug|Any CPU = Debug|Any CPU
		Release|Any CPU = Release|Any CPU
	EndGlobalSection
	GlobalSection(ProjectConfigurationPlatforms) = postSolution
		{42AE6537-C460-CD3F-F0C5-C82EE530CBCE}.Debug|Any CPU.ActiveCfg = Debug|Any CPU
		{42AE6537-C460-CD3F-F0C5-C82EE530CBCE}.Debug|Any CPU.Build.0 = Debug|Any CPU
		{42AE6537-C460-CD3F-F0C5-C82EE530CBCE}.Release|Any CPU.ActiveCfg = Release|Any CPU
		{42AE6537-C460-CD3F-F0C5-C82EE530CBCE}.Release|Any CPU.Build.0 = Release|Any CPU
		{50BD5D17-022B-4949-1108-B7931F469193}.Debug|Any CPU.ActiveCfg = Debug|Any CPU
		{50BD5D17-022B-4949-1108-B7931F469193}.Debug|Any CPU.Build.0 = Debug|Any CPU
		{50BD5D17-022B-4949-1108-B7931F469193}.Release|Any CPU.ActiveCfg = Release|Any CPU
		{50BD5D17-022B-4949-1108-B7931F469193}.Release|Any CPU.Build.0 = Release|Any CPU
	EndGlobalSection
	GlobalSection(SolutionProperties) = preSolution
		HideSolutionNode = FALSE
	EndGlobalSection
EndGlobal
